
Microsoft Visual Studio Solution File, Format Version 12.00
# Visual Studio 2012
Project("{FAE04EC0-301F-11D3-BF4B-00C04F79EFBC}") = "servicestack-web", "servicestack-web\servicestack-web.csproj", "{0CDFB017-CD57-4EB6-9052-0613D42FF933}"
EndProject
Project("{2150E333-8FDC-42A3-9474-1A3956D46DE8}") = ".nuget", ".nuget", "{2872C24E-46C0-4DB1-8310-9FC8A3B8F16E}"
	ProjectSection(SolutionItems) = preProject
		.nuget\NuGet.Config = .nuget\NuGet.Config
		.nuget\NuGet.exe = .nuget\NuGet.exe
		.nuget\NuGet.targets = .nuget\NuGet.targets
	EndProjectSection
EndProject
Project("{2150E333-8FDC-42A3-9474-1A3956D46DE8}") = "Solution Items", "Solution Items", "{5187C85F-8D08-451B-B5B2-126503D7F140}"
	ProjectSection(SolutionItems) = preProject
		WE-settings.xml = WE-settings.xml
	EndProjectSection
EndProject
Global
	GlobalSection(SolutionConfigurationPlatforms) = preSolution
		Debug|Any CPU = Debug|Any CPU
		Release|Any CPU = Release|Any CPU
	EndGlobalSection
	GlobalSection(ProjectConfigurationPlatforms) = postSolution
		{0CDFB017-CD57-4EB6-9052-0613D42FF933}.Debug|Any CPU.ActiveCfg = Debug|Any CPU
		{0CDFB017-CD57-4EB6-9052-0613D42FF933}.Debug|Any CPU.Build.0 = Debug|Any CPU
		{0CDFB017-CD57-4EB6-9052-0613D42FF933}.Release|Any CPU.ActiveCfg = Release|Any CPU
		{0CDFB017-CD57-4EB6-9052-0613D42FF933}.Release|Any CPU.Build.0 = Release|Any CPU
	EndGlobalSection
	GlobalSection(SolutionProperties) = preSolution
		HideSolutionNode = FALSE
	EndGlobalSection
EndGlobal
